
Microsoft Visual Studio Solution File, Format Version 12.00
# Visual Studio Version 16
VisualStudioVersion = 16.0.29806.167
MinimumVisualStudioVersion = 10.0.40219.1
Project("{9A19103F-16F7-4668-BE54-9A1E7A4F7556}") = "RegistroConDetalle", "RegistroConDetalle\RegistroConDetalle.csproj", "{A53AFEAF-09DF-4CBA-B532-BDC1927B819A}"
EndProject
Project("{FAE04EC0-301F-11D3-BF4B-00C04F79EFBC}") = "RegistroConDetalleTests", "RegistroConDetalleTests\RegistroConDetalleTests.csproj", "{06EDA903-2655-4EF5-94F7-D166F967FA4A}"
EndProject
Global
	GlobalSection(SolutionConfigurationPlatforms) = preSolution
		Debug|Any CPU = Debug|Any CPU
		Release|Any CPU = Release|Any CPU
	EndGlobalSection
	GlobalSection(ProjectConfigurationPlatforms) = postSolution
		{A53AFEAF-09DF-4CBA-B532-BDC1927B819A}.Debug|Any CPU.ActiveCfg = Debug|Any CPU
		{A53AFEAF-09DF-4CBA-B532-BDC1927B819A}.Debug|Any CPU.Build.0 = Debug|Any CPU
		{A53AFEAF-09DF-4CBA-B532-BDC1927B819A}.Release|Any CPU.ActiveCfg = Release|Any CPU
		{A53AFEAF-09DF-4CBA-B532-BDC1927B819A}.Release|Any CPU.Build.0 = Release|Any CPU
		{06EDA903-2655-4EF5-94F7-D166F967FA4A}.Debug|Any CPU.ActiveCfg = Debug|Any CPU
		{06EDA903-2655-4EF5-94F7-D166F967FA4A}.Debug|Any CPU.Build.0 = Debug|Any CPU
		{06EDA903-2655-4EF5-94F7-D166F967FA4A}.Release|Any CPU.ActiveCfg = Release|Any CPU
		{06EDA903-2655-4EF5-94F7-D166F967FA4A}.Release|Any CPU.Build.0 = Release|Any CPU
	EndGlobalSection
	GlobalSection(SolutionProperties) = preSolution
		HideSolutionNode = FALSE
	EndGlobalSection
	GlobalSection(ExtensibilityGlobals) = postSolution
		SolutionGuid = {9E9DFE41-0F42-4883-B227-DF12777E02C9}
	EndGlobalSection
EndGlobal
